<?xml version="1.0" encoding="utf-8"?>
<Project ToolsVersion="18.0" xmlns="http://schemas.microsoft.com/developer/msbuild/2003">
  <ItemGroup>
    <ClCompile Include="D:\project\SpecTrace\test-boringssl\rfc9147\051-100\repro_dtls13_epoch_width_probe.cpp">
      <Filter>Source Files</Filter>
    </ClCompile>
  </ItemGroup>
  <ItemGroup>
    <CustomBuild Include="D:\project\SpecTrace\test-boringssl\rfc9147\051-100\CMakeLists.txt" />
  </ItemGroup>
  <ItemGroup>
    <Filter Include="Source Files">
      <UniqueIdentifier>{829AE2DC-55E3-3389-9A48-225913A16163}</UniqueIdentifier>
    </Filter>
  </ItemGroup>
</Project>
