<?xml version="1.0" encoding="utf-8"?>
<Project ToolsVersion="18.0" xmlns="http://schemas.microsoft.com/developer/msbuild/2003">
  <ItemGroup>
    <CustomBuild Include="D:\project\SpecTrace\test-boringssl\rfc6347\001-050\build-linked-probe\CMakeFiles\1caccc5585d9d7c6f723b00992254f4f\generate.stamp.rule">
      <Filter>CMake Rules</Filter>
    </CustomBuild>
  </ItemGroup>
  <ItemGroup>
    <Filter Include="CMake Rules">
      <UniqueIdentifier>{52E86906-ADD6-3060-8209-17701C3817C4}</UniqueIdentifier>
    </Filter>
  </ItemGroup>
</Project>
