<?xml version="1.0" encoding="utf-8"?>
<Project ToolsVersion="18.0" xmlns="http://schemas.microsoft.com/developer/msbuild/2003">
  <ItemGroup>
    <ClCompile Include="D:\project\SpecTrace\test-boringssl\rfc9147\101-150\repro_dtls13_legacy_record_version_probe.cpp">
      <Filter>Source Files</Filter>
    </ClCompile>
  </ItemGroup>
  <ItemGroup>
    <CustomBuild Include="D:\project\SpecTrace\test-boringssl\rfc9147\101-150\CMakeLists.txt" />
  </ItemGroup>
  <ItemGroup>
    <Filter Include="Source Files">
      <UniqueIdentifier>{F8B669B8-849C-37D8-A49B-8F66C0BBC47D}</UniqueIdentifier>
    </Filter>
  </ItemGroup>
</Project>
