<?xml version="1.0" encoding="utf-8"?>
<Project ToolsVersion="18.0" xmlns="http://schemas.microsoft.com/developer/msbuild/2003">
  <ItemGroup>
    <CustomBuild Include="D:\project\SpecTrace\test-boringssl\rfc9147\101-150\build-linked-probe\CMakeFiles\bfe7bfd94204b8916ba13f272db7670b\generate.stamp.rule">
      <Filter>CMake Rules</Filter>
    </CustomBuild>
  </ItemGroup>
  <ItemGroup>
    <Filter Include="CMake Rules">
      <UniqueIdentifier>{9E6482FC-3EC5-3FE4-A4D5-D782F40CE4A3}</UniqueIdentifier>
    </Filter>
  </ItemGroup>
</Project>
