<?xml version="1.0" encoding="UTF-8"?>
<Solution>
	<Configurations>
		<BuildType Name="Debug"/>
		<BuildType Name="Release"/>
		<BuildType Name="MinSizeRel"/>
		<BuildType Name="RelWithDebInfo"/>
		<Platform Name="x64"/>
	</Configurations>
	<Project Path="ALL_BUILD.vcxproj" Type="8bc9ceb8-8b4a-11d0-8d11-00a0c91bc942" Id="cb61ae1f-99e1-3c52-acd3-3e115ddd7143" DefaultStartup="true">
		<BuildDependency Project="ZERO_CHECK.vcxproj"/>
		<BuildDependency Project="repro_rfc9146_dtls12_cid_missing_linked_probe.vcxproj"/>
		<BuildDependency Project="repro_rfc9146_dtls12_inner_plaintext_padding_linked_probe.vcxproj"/>
		<Build Solution="Debug|*" Project="false"/>
		<Build Solution="Release|*" Project="false"/>
		<Build Solution="MinSizeRel|*" Project="false"/>
		<Build Solution="RelWithDebInfo|*" Project="false"/>
	</Project>
	<Project Path="ZERO_CHECK.vcxproj" Type="8bc9ceb8-8b4a-11d0-8d11-00a0c91bc942" Id="bac91534-9a52-316e-9b08-4bd7f65f3c20"/>
	<Project Path="repro_rfc9146_dtls12_cid_missing_linked_probe.vcxproj" Type="8bc9ceb8-8b4a-11d0-8d11-00a0c91bc942" Id="9c0105c5-425c-30da-bcff-e95b2516398f">
		<BuildDependency Project="ZERO_CHECK.vcxproj"/>
	</Project>
	<Project Path="repro_rfc9146_dtls12_inner_plaintext_padding_linked_probe.vcxproj" Type="8bc9ceb8-8b4a-11d0-8d11-00a0c91bc942" Id="93e94ac8-0c92-3f30-9970-83172e059395">
		<BuildDependency Project="ZERO_CHECK.vcxproj"/>
	</Project>
</Solution>
