<?xml version="1.0" encoding="UTF-8"?>
<Solution>
	<Configurations>
		<BuildType Name="Debug"/>
		<BuildType Name="Release"/>
		<BuildType Name="MinSizeRel"/>
		<BuildType Name="RelWithDebInfo"/>
		<Platform Name="x64"/>
	</Configurations>
	<Project Path="ALL_BUILD.vcxproj" Type="8bc9ceb8-8b4a-11d0-8d11-00a0c91bc942" Id="521e0eac-3702-3b04-b216-e4cbb4901232" DefaultStartup="true">
		<BuildDependency Project="ZERO_CHECK.vcxproj"/>
		<BuildDependency Project="repro_dtls13_partial_ack_no_immediate_retransmit_linked_probe.vcxproj"/>
		<BuildDependency Project="repro_dtls13_ph_certreq_probe.vcxproj"/>
		<Build Solution="Debug|*" Project="false"/>
		<Build Solution="Release|*" Project="false"/>
		<Build Solution="MinSizeRel|*" Project="false"/>
		<Build Solution="RelWithDebInfo|*" Project="false"/>
	</Project>
	<Project Path="ZERO_CHECK.vcxproj" Type="8bc9ceb8-8b4a-11d0-8d11-00a0c91bc942" Id="0497e071-d919-3c36-8d42-277fb526879d"/>
	<Project Path="repro_dtls13_partial_ack_no_immediate_retransmit_linked_probe.vcxproj" Type="8bc9ceb8-8b4a-11d0-8d11-00a0c91bc942" Id="1e649fe2-dfca-3a4a-87e3-0c8640d6e0e8">
		<BuildDependency Project="ZERO_CHECK.vcxproj"/>
	</Project>
	<Project Path="repro_dtls13_ph_certreq_probe.vcxproj" Type="8bc9ceb8-8b4a-11d0-8d11-00a0c91bc942" Id="708e148d-aa3d-3caf-b7a9-04a9d7578782">
		<BuildDependency Project="ZERO_CHECK.vcxproj"/>
	</Project>
</Solution>
