<?xml version="1.0" encoding="utf-8"?>
<Project ToolsVersion="18.0" xmlns="http://schemas.microsoft.com/developer/msbuild/2003">
  <ItemGroup>
    <CustomBuild Include="D:\project\SpecTrace\test-boringssl\rfc9147\001-050\build-linked-probe\CMakeFiles\e7e1b3d2c3288236834f77ecbe61c069\generate.stamp.rule">
      <Filter>CMake Rules</Filter>
    </CustomBuild>
  </ItemGroup>
  <ItemGroup>
    <Filter Include="CMake Rules">
      <UniqueIdentifier>{362311C9-7BCA-330C-93C2-F563BE850527}</UniqueIdentifier>
    </Filter>
  </ItemGroup>
</Project>
