<?xml version="1.0" encoding="UTF-8"?>
<Solution>
	<Configurations>
		<BuildType Name="Debug"/>
		<BuildType Name="Release"/>
		<BuildType Name="MinSizeRel"/>
		<BuildType Name="RelWithDebInfo"/>
		<Platform Name="x64"/>
	</Configurations>
	<Project Path="ALL_BUILD.vcxproj" Type="8bc9ceb8-8b4a-11d0-8d11-00a0c91bc942" Id="46ee169f-f45e-3eff-be1f-74d95fd27925" DefaultStartup="true">
		<BuildDependency Project="ZERO_CHECK.vcxproj"/>
		<BuildDependency Project="repro_dtls13_151_187_linked_probe.vcxproj"/>
		<Build Solution="Debug|*" Project="false"/>
		<Build Solution="Release|*" Project="false"/>
		<Build Solution="MinSizeRel|*" Project="false"/>
		<Build Solution="RelWithDebInfo|*" Project="false"/>
	</Project>
	<Project Path="ZERO_CHECK.vcxproj" Type="8bc9ceb8-8b4a-11d0-8d11-00a0c91bc942" Id="e09624a1-74c9-3696-a0ae-adafaae31a66"/>
	<Project Path="repro_dtls13_151_187_linked_probe.vcxproj" Type="8bc9ceb8-8b4a-11d0-8d11-00a0c91bc942" Id="866eb8ea-63e3-3618-925c-3e86d285b4c5">
		<BuildDependency Project="ZERO_CHECK.vcxproj"/>
	</Project>
</Solution>
