<?xml version="1.0" encoding="utf-8"?>
<Project ToolsVersion="18.0" xmlns="http://schemas.microsoft.com/developer/msbuild/2003">
  <ItemGroup>
    <CustomBuild Include="D:\project\SpecTrace\test-boringssl\rfc9147\151-187\build-linked-probe\CMakeFiles\567527e451e0edde9b84fcb41595da34\generate.stamp.rule">
      <Filter>CMake Rules</Filter>
    </CustomBuild>
  </ItemGroup>
  <ItemGroup>
    <Filter Include="CMake Rules">
      <UniqueIdentifier>{FC6BE387-C5B7-337A-BAE4-2BD9948B710A}</UniqueIdentifier>
    </Filter>
  </ItemGroup>
</Project>
